<?xml version="1.0" encoding="utf-8"?>
<Project ToolsVersion="4.0" xmlns="http://schemas.microsoft.com/developer/msbuild/2003">
  <ItemGroup>
    <Filter Include="Файлы исходного кода">
      <UniqueIdentifier>{4FC737F1-C7A5-4376-A066-2A32D752A2FF}</UniqueIdentifier>
      <Extensions>cpp;c;cc;cxx;def;odl;idl;hpj;bat;asm;asmx</Extensions>
    </Filter>
    <Filter Include="Заголовочные файлы">
      <UniqueIdentifier>{93995380-89BD-4b04-88EB-625FBE52EBFB}</UniqueIdentifier>
      <Extensions>h;hh;hpp;hxx;hm;inl;inc;xsd</Extensions>
    </Filter>
    <Filter Include="Файлы ресурсов">
      <UniqueIdentifier>{67DA6AB6-F800-4c08-8B7A-83BB121AAD01}</UniqueIdentifier>
      <Extensions>rc;ico;cur;bmp;dlg;rc2;rct;bin;rgs;gif;jpg;jpeg;jpe;resx;tiff;tif;png;wav;mfcribbon-ms</Extensions>
    </Filter>
    <Filter Include="Файлы исходного кода\src">
      <UniqueIdentifier>{fbfae5ac-0a4f-4048-ae8f-f7e4d4ab24f7}</UniqueIdentifier>
    </Filter>
    <Filter Include="Файлы исходного кода\src\AST">
      <UniqueIdentifier>{0abbebad-dc0f-41d6-b224-139fad11a686}</UniqueIdentifier>
    </Filter>
    <Filter Include="Файлы исходного кода\src\Compiler">
      <UniqueIdentifier>{8889d41e-3c17-4c7e-b8fa-d43d22758053}</UniqueIdentifier>
    </Filter>
    <Filter Include="Файлы исходного кода\src\Example">
      <UniqueIdentifier>{fef0dd55-c270-4807-aa48-92a7ffd769ee}</UniqueIdentifier>
    </Filter>
  </ItemGroup>
  <ItemGroup>
    <Text Include="ReadMe.txt" />
    <Text Include="InStartLexerCpp.txt">
      <Filter>Файлы ресурсов</Filter>
    </Text>
    <Text Include="text1.txt">
      <Filter>Файлы ресурсов</Filter>
    </Text>
  </ItemGroup>
  <ItemGroup>
    <ClInclude Include="stdafx.h">
      <Filter>Заголовочные файлы</Filter>
    </ClInclude>
    <ClInclude Include="targetver.h">
      <Filter>Заголовочные файлы</Filter>
    </ClInclude>
    <ClInclude Include="src\driver.h">
      <Filter>Файлы исходного кода\src</Filter>
    </ClInclude>
    <ClInclude Include="src\scanner.h">
      <Filter>Файлы исходного кода\src</Filter>
    </ClInclude>
    <ClInclude Include="src\AST\ASTNodes.h">
      <Filter>Файлы исходного кода\src\AST</Filter>
    </ClInclude>
    <ClInclude Include="src\ScannerPrivate.h">
      <Filter>Файлы исходного кода\src</Filter>
    </ClInclude>
    <ClInclude Include="src\AST\ASTVisitor.h">
      <Filter>Файлы исходного кода\src\AST</Filter>
    </ClInclude>
    <ClInclude Include="src\AST\Utility.h">
      <Filter>Файлы исходного кода\src\AST</Filter>
    </ClInclude>
    <ClInclude Include="src\Grammar.h">
      <Filter>Файлы исходного кода\src</Filter>
    </ClInclude>
    <ClInclude Include="src\location.hh">
      <Filter>Файлы исходного кода\src</Filter>
    </ClInclude>
    <ClInclude Include="src\position.hh">
      <Filter>Файлы исходного кода\src</Filter>
    </ClInclude>
    <ClInclude Include="src\stack.hh">
      <Filter>Файлы исходного кода\src</Filter>
    </ClInclude>
    <ClInclude Include="src\stdafx.h">
      <Filter>Файлы исходного кода\src</Filter>
    </ClInclude>
    <ClInclude Include="src\targetver.h">
      <Filter>Файлы исходного кода\src</Filter>
    </ClInclude>
    <ClInclude Include="src\main.h">
      <Filter>Файлы исходного кода\src</Filter>
    </ClInclude>
    <ClInclude Include="src\Compiler\CodegenVisitor.h">
      <Filter>Файлы исходного кода\src\Compiler</Filter>
    </ClInclude>
    <ClInclude Include="src\Compiler\CompilerBackend.h">
      <Filter>Файлы исходного кода\src\Compiler</Filter>
    </ClInclude>
    <ClInclude Include="src\Compiler\FrontendContext.h">
      <Filter>Файлы исходного кода\src\Compiler</Filter>
    </ClInclude>
    <ClInclude Include="src\Compiler\TypecheckVisitor.h">
      <Filter>Файлы исходного кода\src\Compiler</Filter>
    </ClInclude>
    <ClInclude Include="src\Example\expressionExample.h">
      <Filter>Файлы исходного кода\src\Example</Filter>
    </ClInclude>
    <ClInclude Include="src\Example\NodeExample.h">
      <Filter>Файлы исходного кода\src\Example</Filter>
    </ClInclude>
  </ItemGroup>
  <ItemGroup>
    <ClCompile Include="src\AST\ASTNodes.cpp">
      <Filter>Файлы исходного кода\src\AST</Filter>
    </ClCompile>
    <ClCompile Include="src\AST\ASTVisitor.cpp">
      <Filter>Файлы исходного кода\src\AST</Filter>
    </ClCompile>
    <ClCompile Include="src\AST\Utility.cpp">
      <Filter>Файлы исходного кода\src\AST</Filter>
    </ClCompile>
    <ClCompile Include="src\driver.cpp">
      <Filter>Файлы исходного кода\src</Filter>
    </ClCompile>
    <ClCompile Include="src\Grammar.cpp">
      <Filter>Файлы исходного кода\src</Filter>
    </ClCompile>
    <ClCompile Include="src\lexer.cpp">
      <Filter>Файлы исходного кода\src</Filter>
    </ClCompile>
    <ClCompile Include="src\main.cpp">
      <Filter>Файлы исходного кода\src</Filter>
    </ClCompile>
    <ClCompile Include="src\stdafx.cpp">
      <Filter>Файлы исходного кода\src</Filter>
    </ClCompile>
    <ClCompile Include="src\Compiler\CodegenVisitor.cpp">
      <Filter>Файлы исходного кода\src\Compiler</Filter>
    </ClCompile>
    <ClCompile Include="src\Compiler\CompilerBackend.cpp">
      <Filter>Файлы исходного кода\src\Compiler</Filter>
    </ClCompile>
    <ClCompile Include="src\Compiler\FrontendContext.cpp">
      <Filter>Файлы исходного кода\src\Compiler</Filter>
    </ClCompile>
    <ClCompile Include="src\Compiler\TypecheckVisitor.cpp">
      <Filter>Файлы исходного кода\src\Compiler</Filter>
    </ClCompile>
  </ItemGroup>
  <ItemGroup>
    <None Include="src\Lexer.l">
      <Filter>Файлы ресурсов</Filter>
    </None>
    <None Include="src\Grammar.y">
      <Filter>Файлы ресурсов</Filter>
    </None>
    <None Include="src\codegen.bat">
      <Filter>Файлы ресурсов</Filter>
    </None>
    <None Include="compile.bat">
      <Filter>Файлы ресурсов</Filter>
    </None>
  </ItemGroup>
</Project>