<?xml version="1.0" encoding="utf-8"?>
<Project ToolsVersion="4.0" xmlns="http://schemas.microsoft.com/developer/msbuild/2003">
  <ItemGroup>
    <Filter Include="Source Files">
      <UniqueIdentifier>{4FC737F1-C7A5-4376-A066-2A32D752A2FF}</UniqueIdentifier>
      <Extensions>cpp;c;cc;cxx;def;odl;idl;hpj;bat;asm;asmx</Extensions>
    </Filter>
    <Filter Include="Header Files">
      <UniqueIdentifier>{93995380-89BD-4b04-88EB-625FBE52EBFB}</UniqueIdentifier>
      <Extensions>h;hh;hpp;hxx;hm;inl;inc;xsd</Extensions>
    </Filter>
    <Filter Include="Resource Files">
      <UniqueIdentifier>{67DA6AB6-F800-4c08-8B7A-83BB121AAD01}</UniqueIdentifier>
      <Extensions>rc;ico;cur;bmp;dlg;rc2;rct;bin;rgs;gif;jpg;jpeg;jpe;resx;tiff;tif;png;wav;mfcribbon-ms</Extensions>
    </Filter>
    <Filter Include="Source Files\src">
      <UniqueIdentifier>{e6a77c2c-a224-46a5-a412-1c3b43243e30}</UniqueIdentifier>
    </Filter>
    <Filter Include="Source Files\src\Lexer">
      <UniqueIdentifier>{3699f190-2bc0-40ae-91f5-807c825394ee}</UniqueIdentifier>
    </Filter>
    <Filter Include="Source Files\Syntax">
      <UniqueIdentifier>{87c7f0b3-f8af-48a9-82f7-3d2f99eba27b}</UniqueIdentifier>
    </Filter>
  </ItemGroup>
  <ItemGroup>
    <Text Include="ReadMe.txt" />
  </ItemGroup>
  <ItemGroup>
    <ClInclude Include="src\stdafx.h">
      <Filter>Header Files</Filter>
    </ClInclude>
    <ClInclude Include="src\targetver.h">
      <Filter>Header Files</Filter>
    </ClInclude>
    <ClInclude Include="src\HybridWalker.h">
      <Filter>Source Files\src</Filter>
    </ClInclude>
    <ClInclude Include="src\HybridWalkerExceptions.h">
      <Filter>Source Files\src</Filter>
    </ClInclude>
    <ClInclude Include="src\LRRow.h">
      <Filter>Source Files\src</Filter>
    </ClInclude>
    <ClInclude Include="src\Rule.h">
      <Filter>Source Files\src</Filter>
    </ClInclude>
    <ClInclude Include="src\Transition.h">
      <Filter>Source Files\src</Filter>
    </ClInclude>
    <ClInclude Include="src\main.h">
      <Filter>Source Files</Filter>
    </ClInclude>
    <ClInclude Include="src\Lexer\Lexer.h">
      <Filter>Source Files\src\Lexer</Filter>
    </ClInclude>
    <ClInclude Include="src\Lexer\Token.h">
      <Filter>Source Files\src\Lexer</Filter>
    </ClInclude>
    <ClInclude Include="src\Syntax\driver.h">
      <Filter>Source Files\Syntax</Filter>
    </ClInclude>
    <ClInclude Include="src\Syntax\Grammar.h">
      <Filter>Source Files\Syntax</Filter>
    </ClInclude>
    <ClInclude Include="src\Syntax\location.hh">
      <Filter>Source Files\Syntax</Filter>
    </ClInclude>
    <ClInclude Include="src\Syntax\position.hh">
      <Filter>Source Files\Syntax</Filter>
    </ClInclude>
    <ClInclude Include="src\Syntax\scanner.h">
      <Filter>Source Files\Syntax</Filter>
    </ClInclude>
    <ClInclude Include="src\Syntax\stack.hh">
      <Filter>Source Files\Syntax</Filter>
    </ClInclude>
    <ClInclude Include="src\Lexer\Interpreter.h">
      <Filter>Source Files\src\Lexer</Filter>
    </ClInclude>
  </ItemGroup>
  <ItemGroup>
    <ClCompile Include="src\stdafx.cpp">
      <Filter>Source Files</Filter>
    </ClCompile>
    <ClCompile Include="src\main.cpp">
      <Filter>Source Files</Filter>
    </ClCompile>
    <ClCompile Include="src\HybridWalker.cpp">
      <Filter>Source Files\src</Filter>
    </ClCompile>
    <ClCompile Include="src\HybridWalkerExceptions.cpp">
      <Filter>Source Files\src</Filter>
    </ClCompile>
    <ClCompile Include="src\LL1RowElement.cpp">
      <Filter>Source Files\src</Filter>
    </ClCompile>
    <ClCompile Include="src\LRRow.cpp">
      <Filter>Source Files\src</Filter>
    </ClCompile>
    <ClCompile Include="src\Rule.cpp">
      <Filter>Source Files\src</Filter>
    </ClCompile>
    <ClCompile Include="src\Transition.cpp">
      <Filter>Source Files\src</Filter>
    </ClCompile>
    <ClCompile Include="src\Lexer\Lexer.cpp">
      <Filter>Source Files\src\Lexer</Filter>
    </ClCompile>
    <ClCompile Include="src\Lexer\Token.cpp">
      <Filter>Source Files\src\Lexer</Filter>
    </ClCompile>
    <ClCompile Include="src\Syntax\driver.cpp">
      <Filter>Source Files\Syntax</Filter>
    </ClCompile>
    <ClCompile Include="src\Syntax\Grammar.cpp">
      <Filter>Source Files\Syntax</Filter>
    </ClCompile>
    <ClCompile Include="src\Syntax\lexer.cpp">
      <Filter>Source Files\Syntax</Filter>
    </ClCompile>
    <ClCompile Include="src\Lexer\Interpreter.cpp">
      <Filter>Source Files\src\Lexer</Filter>
    </ClCompile>
  </ItemGroup>
</Project>